
Microsoft Visual Studio Solution File, Format Version 12.00
# Visual Studio 15
VisualStudioVersion = 15.0.28010.2003
MinimumVisualStudioVersion = 10.0.40219.1
Project("{9A19103F-16F7-4668-BE54-9A1E7A4F7556}") = "AgentFramework.Core", "src\AgentFramework.Core\AgentFramework.Core.csproj", "{77223B87-C4DB-4771-BAA5-57257E182B2E}"
EndProject
Project("{2150E333-8FDC-42A3-9474-1A3956D46DE8}") = "Tests", "Tests", "{02ADBA96-A50C-44F0-A9D9-FA0629AA2DF4}"
EndProject
Project("{2150E333-8FDC-42A3-9474-1A3956D46DE8}") = "Framework", "Framework", "{73FF6DBD-5847-4F2D-94BE-196AE9A80228}"
EndProject
Project("{9A19103F-16F7-4668-BE54-9A1E7A4F7556}") = "AgentFramework.Core.Tests", "test\AgentFramework.Core.Tests\AgentFramework.Core.Tests.csproj", "{0334EA27-52D1-434B-90F5-F108F7630409}"
EndProject
Project("{9A19103F-16F7-4668-BE54-9A1E7A4F7556}") = "AgentFramework.AspNetCore", "src\AgentFramework.AspNetCore\AgentFramework.AspNetCore.csproj", "{2C868A14-7883-4BF5-9C6E-F37263ED7C4C}"
EndProject
Global
	GlobalSection(SolutionConfigurationPlatforms) = preSolution
		Debug|Any CPU = Debug|Any CPU
		Release|Any CPU = Release|Any CPU
	EndGlobalSection
	GlobalSection(ProjectConfigurationPlatforms) = postSolution
		{77223B87-C4DB-4771-BAA5-57257E182B2E}.Debug|Any CPU.ActiveCfg = Debug|Any CPU
		{77223B87-C4DB-4771-BAA5-57257E182B2E}.Debug|Any CPU.Build.0 = Debug|Any CPU
		{77223B87-C4DB-4771-BAA5-57257E182B2E}.Release|Any CPU.ActiveCfg = Release|Any CPU
		{77223B87-C4DB-4771-BAA5-57257E182B2E}.Release|Any CPU.Build.0 = Release|Any CPU
		{0334EA27-52D1-434B-90F5-F108F7630409}.Debug|Any CPU.ActiveCfg = Debug|Any CPU
		{0334EA27-52D1-434B-90F5-F108F7630409}.Debug|Any CPU.Build.0 = Debug|Any CPU
		{0334EA27-52D1-434B-90F5-F108F7630409}.Release|Any CPU.ActiveCfg = Release|Any CPU
		{0334EA27-52D1-434B-90F5-F108F7630409}.Release|Any CPU.Build.0 = Release|Any CPU
		{2C868A14-7883-4BF5-9C6E-F37263ED7C4C}.Debug|Any CPU.ActiveCfg = Debug|Any CPU
		{2C868A14-7883-4BF5-9C6E-F37263ED7C4C}.Debug|Any CPU.Build.0 = Debug|Any CPU
		{2C868A14-7883-4BF5-9C6E-F37263ED7C4C}.Release|Any CPU.ActiveCfg = Release|Any CPU
		{2C868A14-7883-4BF5-9C6E-F37263ED7C4C}.Release|Any CPU.Build.0 = Release|Any CPU
	EndGlobalSection
	GlobalSection(SolutionProperties) = preSolution
		HideSolutionNode = FALSE
	EndGlobalSection
	GlobalSection(NestedProjects) = preSolution
		{77223B87-C4DB-4771-BAA5-57257E182B2E} = {73FF6DBD-5847-4F2D-94BE-196AE9A80228}
		{0334EA27-52D1-434B-90F5-F108F7630409} = {02ADBA96-A50C-44F0-A9D9-FA0629AA2DF4}
		{2C868A14-7883-4BF5-9C6E-F37263ED7C4C} = {73FF6DBD-5847-4F2D-94BE-196AE9A80228}
	EndGlobalSection
	GlobalSection(ExtensibilityGlobals) = postSolution
		SolutionGuid = {4FFA80F9-ADC6-40DB-BBD1-A522B8A68560}
	EndGlobalSection
EndGlobal
